
Microsoft Visual Studio Solution File, Format Version 12.00
# Visual Studio 15
VisualStudioVersion = 15.0.26823.1
MinimumVisualStudioVersion = 10.0.40219.1
Project("{9A19103F-16F7-4668-BE54-9A1E7A4F7556}") = "SP.Core", "Core\SP.Core\SP.Core.csproj", "{0C0EA1A4-EF82-4712-A704-877F49845A9A}"
EndProject
Project("{9A19103F-16F7-4668-BE54-9A1E7A4F7556}") = "SP.Engine", "Core\SP.Engine\SP.Engine.csproj", "{0F2A2107-3776-44C8-A6E2-30783CBECA3E}"
EndProject
Project("{2150E333-8FDC-42A3-9474-1A3956D46DE8}") = "Core", "Core", "{76627DDD-388C-401A-BC57-BC90B46C4DAC}"
EndProject
Project("{2150E333-8FDC-42A3-9474-1A3956D46DE8}") = "Tests", "Tests", "{4CDD732F-A434-4F07-983A-69C5AA4635AB}"
EndProject
Project("{9A19103F-16F7-4668-BE54-9A1E7A4F7556}") = "SP.Core.Test", "Core\SP.Core.Test\SP.Core.Test.csproj", "{59A8B71A-2DAF-490D-9A26-E02F768660DA}"
EndProject
Project("{9A19103F-16F7-4668-BE54-9A1E7A4F7556}") = "SP.Engine.Test", "Core\SP.Engine.Test\SP.Engine.Test.csproj", "{BFD5BD71-6F0C-49D6-A391-A121E5B19017}"
EndProject
Project("{2150E333-8FDC-42A3-9474-1A3956D46DE8}") = "Gui", "Gui", "{16DEE695-220B-46EA-92ED-5F77609B24A3}"
EndProject
Project("{D954291E-2A0B-460D-934E-DC6B0785DB48}") = "sp_gui", "Gui\sp-gui\sp_gui\sp_gui.shproj", "{84FC4E5E-A029-44F8-9AEA-7BC098D02A6B}"
EndProject
Project("{FAE04EC0-301F-11D3-BF4B-00C04F79EFBC}") = "sp_gui.Android", "Gui\sp-gui\sp_gui.Android\sp_gui.Android.csproj", "{DA01507C-747D-4F5C-AAB8-1A668A12766C}"
EndProject
Project("{FAE04EC0-301F-11D3-BF4B-00C04F79EFBC}") = "sp_gui.iOS", "Gui\sp-gui\sp_gui.iOS\sp_gui.iOS.csproj", "{BE2CFA70-1C25-4B12-A740-D7D58375877E}"
EndProject
Project("{FAE04EC0-301F-11D3-BF4B-00C04F79EFBC}") = "sp_gui.UWP", "Gui\sp-gui\sp_gui.UWP\sp_gui.UWP.csproj", "{ACEAE301-4289-40F7-B222-8FFFB33CD448}"
EndProject
Global
	GlobalSection(SharedMSBuildProjectFiles) = preSolution
		Gui\sp-gui\sp_gui\sp_gui.projitems*{84fc4e5e-a029-44f8-9aea-7bc098d02a6b}*SharedItemsImports = 13
		Gui\sp-gui\sp_gui\sp_gui.projitems*{aceae301-4289-40f7-b222-8fffb33cd448}*SharedItemsImports = 4
		Gui\sp-gui\sp_gui\sp_gui.projitems*{be2cfa70-1c25-4b12-a740-d7d58375877e}*SharedItemsImports = 4
		Gui\sp-gui\sp_gui\sp_gui.projitems*{da01507c-747d-4f5c-aab8-1a668a12766c}*SharedItemsImports = 4
	EndGlobalSection
	GlobalSection(SolutionConfigurationPlatforms) = preSolution
		Ad-Hoc|Any CPU = Ad-Hoc|Any CPU
		Ad-Hoc|ARM = Ad-Hoc|ARM
		Ad-Hoc|iPhone = Ad-Hoc|iPhone
		Ad-Hoc|iPhoneSimulator = Ad-Hoc|iPhoneSimulator
		Ad-Hoc|x64 = Ad-Hoc|x64
		Ad-Hoc|x86 = Ad-Hoc|x86
		AppStore|Any CPU = AppStore|Any CPU
		AppStore|ARM = AppStore|ARM
		AppStore|iPhone = AppStore|iPhone
		AppStore|iPhoneSimulator = AppStore|iPhoneSimulator
		AppStore|x64 = AppStore|x64
		AppStore|x86 = AppStore|x86
		Debug|Any CPU = Debug|Any CPU
		Debug|ARM = Debug|ARM
		Debug|iPhone = Debug|iPhone
		Debug|iPhoneSimulator = Debug|iPhoneSimulator
		Debug|x64 = Debug|x64
		Debug|x86 = Debug|x86
		Release|Any CPU = Release|Any CPU
		Release|ARM = Release|ARM
		Release|iPhone = Release|iPhone
		Release|iPhoneSimulator = Release|iPhoneSimulator
		Release|x64 = Release|x64
		Release|x86 = Release|x86
	EndGlobalSection
	GlobalSection(ProjectConfigurationPlatforms) = postSolution
		{0C0EA1A4-EF82-4712-A704-877F49845A9A}.Ad-Hoc|Any CPU.ActiveCfg = Release|Any CPU
		{0C0EA1A4-EF82-4712-A704-877F49845A9A}.Ad-Hoc|Any CPU.Build.0 = Release|Any CPU
		{0C0EA1A4-EF82-4712-A704-877F49845A9A}.Ad-Hoc|ARM.ActiveCfg = Release|Any CPU
		{0C0EA1A4-EF82-4712-A704-877F49845A9A}.Ad-Hoc|ARM.Build.0 = Release|Any CPU
		{0C0EA1A4-EF82-4712-A704-877F49845A9A}.Ad-Hoc|iPhone.ActiveCfg = Release|Any CPU
		{0C0EA1A4-EF82-4712-A704-877F49845A9A}.Ad-Hoc|iPhone.Build.0 = Release|Any CPU
		{0C0EA1A4-EF82-4712-A704-877F49845A9A}.Ad-Hoc|iPhoneSimulator.ActiveCfg = Release|Any CPU
		{0C0EA1A4-EF82-4712-A704-877F49845A9A}.Ad-Hoc|iPhoneSimulator.Build.0 = Release|Any CPU
		{0C0EA1A4-EF82-4712-A704-877F49845A9A}.Ad-Hoc|x64.ActiveCfg = Release|Any CPU
		{0C0EA1A4-EF82-4712-A704-877F49845A9A}.Ad-Hoc|x64.Build.0 = Release|Any CPU
		{0C0EA1A4-EF82-4712-A704-877F49845A9A}.Ad-Hoc|x86.ActiveCfg = Release|Any CPU
		{0C0EA1A4-EF82-4712-A704-877F49845A9A}.Ad-Hoc|x86.Build.0 = Release|Any CPU
		{0C0EA1A4-EF82-4712-A704-877F49845A9A}.AppStore|Any CPU.ActiveCfg = Release|Any CPU
		{0C0EA1A4-EF82-4712-A704-877F49845A9A}.AppStore|Any CPU.Build.0 = Release|Any CPU
		{0C0EA1A4-EF82-4712-A704-877F49845A9A}.AppStore|ARM.ActiveCfg = Release|Any CPU
		{0C0EA1A4-EF82-4712-A704-877F49845A9A}.AppStore|ARM.Build.0 = Release|Any CPU
		{0C0EA1A4-EF82-4712-A704-877F49845A9A}.AppStore|iPhone.ActiveCfg = Release|Any CPU
		{0C0EA1A4-EF82-4712-A704-877F49845A9A}.AppStore|iPhone.Build.0 = Release|Any CPU
		{0C0EA1A4-EF82-4712-A704-877F49845A9A}.AppStore|iPhoneSimulator.ActiveCfg = Release|Any CPU
		{0C0EA1A4-EF82-4712-A704-877F49845A9A}.AppStore|iPhoneSimulator.Build.0 = Release|Any CPU
		{0C0EA1A4-EF82-4712-A704-877F49845A9A}.AppStore|x64.ActiveCfg = Release|Any CPU
		{0C0EA1A4-EF82-4712-A704-877F49845A9A}.AppStore|x64.Build.0 = Release|Any CPU
		{0C0EA1A4-EF82-4712-A704-877F49845A9A}.AppStore|x86.ActiveCfg = Release|Any CPU
		{0C0EA1A4-EF82-4712-A704-877F49845A9A}.AppStore|x86.Build.0 = Release|Any CPU
		{0C0EA1A4-EF82-4712-A704-877F49845A9A}.Debug|Any CPU.ActiveCfg = Debug|Any CPU
		{0C0EA1A4-EF82-4712-A704-877F49845A9A}.Debug|Any CPU.Build.0 = Debug|Any CPU
		{0C0EA1A4-EF82-4712-A704-877F49845A9A}.Debug|ARM.ActiveCfg = Debug|Any CPU
		{0C0EA1A4-EF82-4712-A704-877F49845A9A}.Debug|ARM.Build.0 = Debug|Any CPU
		{0C0EA1A4-EF82-4712-A704-877F49845A9A}.Debug|iPhone.ActiveCfg = Debug|Any CPU
		{0C0EA1A4-EF82-4712-A704-877F49845A9A}.Debug|iPhone.Build.0 = Debug|Any CPU
		{0C0EA1A4-EF82-4712-A704-877F49845A9A}.Debug|iPhoneSimulator.ActiveCfg = Debug|Any CPU
		{0C0EA1A4-EF82-4712-A704-877F49845A9A}.Debug|iPhoneSimulator.Build.0 = Debug|Any CPU
		{0C0EA1A4-EF82-4712-A704-877F49845A9A}.Debug|x64.ActiveCfg = Debug|Any CPU
		{0C0EA1A4-EF82-4712-A704-877F49845A9A}.Debug|x64.Build.0 = Debug|Any CPU
		{0C0EA1A4-EF82-4712-A704-877F49845A9A}.Debug|x86.ActiveCfg = Debug|Any CPU
		{0C0EA1A4-EF82-4712-A704-877F49845A9A}.Debug|x86.Build.0 = Debug|Any CPU
		{0C0EA1A4-EF82-4712-A704-877F49845A9A}.Release|Any CPU.ActiveCfg = Release|Any CPU
		{0C0EA1A4-EF82-4712-A704-877F49845A9A}.Release|Any CPU.Build.0 = Release|Any CPU
		{0C0EA1A4-EF82-4712-A704-877F49845A9A}.Release|ARM.ActiveCfg = Release|Any CPU
		{0C0EA1A4-EF82-4712-A704-877F49845A9A}.Release|ARM.Build.0 = Release|Any CPU
		{0C0EA1A4-EF82-4712-A704-877F49845A9A}.Release|iPhone.ActiveCfg = Release|Any CPU
		{0C0EA1A4-EF82-4712-A704-877F49845A9A}.Release|iPhone.Build.0 = Release|Any CPU
		{0C0EA1A4-EF82-4712-A704-877F49845A9A}.Release|iPhoneSimulator.ActiveCfg = Release|Any CPU
		{0C0EA1A4-EF82-4712-A704-877F49845A9A}.Release|iPhoneSimulator.Build.0 = Release|Any CPU
		{0C0EA1A4-EF82-4712-A704-877F49845A9A}.Release|x64.ActiveCfg = Release|Any CPU
		{0C0EA1A4-EF82-4712-A704-877F49845A9A}.Release|x64.Build.0 = Release|Any CPU
		{0C0EA1A4-EF82-4712-A704-877F49845A9A}.Release|x86.ActiveCfg = Release|Any CPU
		{0C0EA1A4-EF82-4712-A704-877F49845A9A}.Release|x86.Build.0 = Release|Any CPU
		{0F2A2107-3776-44C8-A6E2-30783CBECA3E}.Ad-Hoc|Any CPU.ActiveCfg = Release|Any CPU
		{0F2A2107-3776-44C8-A6E2-30783CBECA3E}.Ad-Hoc|Any CPU.Build.0 = Release|Any CPU
		{0F2A2107-3776-44C8-A6E2-30783CBECA3E}.Ad-Hoc|ARM.ActiveCfg = Release|Any CPU
		{0F2A2107-3776-44C8-A6E2-30783CBECA3E}.Ad-Hoc|ARM.Build.0 = Release|Any CPU
		{0F2A2107-3776-44C8-A6E2-30783CBECA3E}.Ad-Hoc|iPhone.ActiveCfg = Release|Any CPU
		{0F2A2107-3776-44C8-A6E2-30783CBECA3E}.Ad-Hoc|iPhone.Build.0 = Release|Any CPU
		{0F2A2107-3776-44C8-A6E2-30783CBECA3E}.Ad-Hoc|iPhoneSimulator.ActiveCfg = Release|Any CPU
		{0F2A2107-3776-44C8-A6E2-30783CBECA3E}.Ad-Hoc|iPhoneSimulator.Build.0 = Release|Any CPU
		{0F2A2107-3776-44C8-A6E2-30783CBECA3E}.Ad-Hoc|x64.ActiveCfg = Release|Any CPU
		{0F2A2107-3776-44C8-A6E2-30783CBECA3E}.Ad-Hoc|x64.Build.0 = Release|Any CPU
		{0F2A2107-3776-44C8-A6E2-30783CBECA3E}.Ad-Hoc|x86.ActiveCfg = Release|Any CPU
		{0F2A2107-3776-44C8-A6E2-30783CBECA3E}.Ad-Hoc|x86.Build.0 = Release|Any CPU
		{0F2A2107-3776-44C8-A6E2-30783CBECA3E}.AppStore|Any CPU.ActiveCfg = Release|Any CPU
		{0F2A2107-3776-44C8-A6E2-30783CBECA3E}.AppStore|Any CPU.Build.0 = Release|Any CPU
		{0F2A2107-3776-44C8-A6E2-30783CBECA3E}.AppStore|ARM.ActiveCfg = Release|Any CPU
		{0F2A2107-3776-44C8-A6E2-30783CBECA3E}.AppStore|ARM.Build.0 = Release|Any CPU
		{0F2A2107-3776-44C8-A6E2-30783CBECA3E}.AppStore|iPhone.ActiveCfg = Release|Any CPU
		{0F2A2107-3776-44C8-A6E2-30783CBECA3E}.AppStore|iPhone.Build.0 = Release|Any CPU
		{0F2A2107-3776-44C8-A6E2-30783CBECA3E}.AppStore|iPhoneSimulator.ActiveCfg = Release|Any CPU
		{0F2A2107-3776-44C8-A6E2-30783CBECA3E}.AppStore|iPhoneSimulator.Build.0 = Release|Any CPU
		{0F2A2107-3776-44C8-A6E2-30783CBECA3E}.AppStore|x64.ActiveCfg = Release|Any CPU
		{0F2A2107-3776-44C8-A6E2-30783CBECA3E}.AppStore|x64.Build.0 = Release|Any CPU
		{0F2A2107-3776-44C8-A6E2-30783CBECA3E}.AppStore|x86.ActiveCfg = Release|Any CPU
		{0F2A2107-3776-44C8-A6E2-30783CBECA3E}.AppStore|x86.Build.0 = Release|Any CPU
		{0F2A2107-3776-44C8-A6E2-30783CBECA3E}.Debug|Any CPU.ActiveCfg = Debug|Any CPU
		{0F2A2107-3776-44C8-A6E2-30783CBECA3E}.Debug|Any CPU.Build.0 = Debug|Any CPU
		{0F2A2107-3776-44C8-A6E2-30783CBECA3E}.Debug|ARM.ActiveCfg = Debug|Any CPU
		{0F2A2107-3776-44C8-A6E2-30783CBECA3E}.Debug|ARM.Build.0 = Debug|Any CPU
		{0F2A2107-3776-44C8-A6E2-30783CBECA3E}.Debug|iPhone.ActiveCfg = Debug|Any CPU
		{0F2A2107-3776-44C8-A6E2-30783CBECA3E}.Debug|iPhone.Build.0 = Debug|Any CPU
		{0F2A2107-3776-44C8-A6E2-30783CBECA3E}.Debug|iPhoneSimulator.ActiveCfg = Debug|Any CPU
		{0F2A2107-3776-44C8-A6E2-30783CBECA3E}.Debug|iPhoneSimulator.Build.0 = Debug|Any CPU
		{0F2A2107-3776-44C8-A6E2-30783CBECA3E}.Debug|x64.ActiveCfg = Debug|Any CPU
		{0F2A2107-3776-44C8-A6E2-30783CBECA3E}.Debug|x64.Build.0 = Debug|Any CPU
		{0F2A2107-3776-44C8-A6E2-30783CBECA3E}.Debug|x86.ActiveCfg = Debug|Any CPU
		{0F2A2107-3776-44C8-A6E2-30783CBECA3E}.Debug|x86.Build.0 = Debug|Any CPU
		{0F2A2107-3776-44C8-A6E2-30783CBECA3E}.Release|Any CPU.ActiveCfg = Release|Any CPU
		{0F2A2107-3776-44C8-A6E2-30783CBECA3E}.Release|Any CPU.Build.0 = Release|Any CPU
		{0F2A2107-3776-44C8-A6E2-30783CBECA3E}.Release|ARM.ActiveCfg = Release|Any CPU
		{0F2A2107-3776-44C8-A6E2-30783CBECA3E}.Release|ARM.Build.0 = Release|Any CPU
		{0F2A2107-3776-44C8-A6E2-30783CBECA3E}.Release|iPhone.ActiveCfg = Release|Any CPU
		{0F2A2107-3776-44C8-A6E2-30783CBECA3E}.Release|iPhone.Build.0 = Release|Any CPU
		{0F2A2107-3776-44C8-A6E2-30783CBECA3E}.Release|iPhoneSimulator.ActiveCfg = Release|Any CPU
		{0F2A2107-3776-44C8-A6E2-30783CBECA3E}.Release|iPhoneSimulator.Build.0 = Release|Any CPU
		{0F2A2107-3776-44C8-A6E2-30783CBECA3E}.Release|x64.ActiveCfg = Release|Any CPU
		{0F2A2107-3776-44C8-A6E2-30783CBECA3E}.Release|x64.Build.0 = Release|Any CPU
		{0F2A2107-3776-44C8-A6E2-30783CBECA3E}.Release|x86.ActiveCfg = Release|Any CPU
		{0F2A2107-3776-44C8-A6E2-30783CBECA3E}.Release|x86.Build.0 = Release|Any CPU
		{59A8B71A-2DAF-490D-9A26-E02F768660DA}.Ad-Hoc|Any CPU.ActiveCfg = Release|Any CPU
		{59A8B71A-2DAF-490D-9A26-E02F768660DA}.Ad-Hoc|Any CPU.Build.0 = Release|Any CPU
		{59A8B71A-2DAF-490D-9A26-E02F768660DA}.Ad-Hoc|ARM.ActiveCfg = Release|Any CPU
		{59A8B71A-2DAF-490D-9A26-E02F768660DA}.Ad-Hoc|ARM.Build.0 = Release|Any CPU
		{59A8B71A-2DAF-490D-9A26-E02F768660DA}.Ad-Hoc|iPhone.ActiveCfg = Release|Any CPU
		{59A8B71A-2DAF-490D-9A26-E02F768660DA}.Ad-Hoc|iPhone.Build.0 = Release|Any CPU
		{59A8B71A-2DAF-490D-9A26-E02F768660DA}.Ad-Hoc|iPhoneSimulator.ActiveCfg = Release|Any CPU
		{59A8B71A-2DAF-490D-9A26-E02F768660DA}.Ad-Hoc|iPhoneSimulator.Build.0 = Release|Any CPU
		{59A8B71A-2DAF-490D-9A26-E02F768660DA}.Ad-Hoc|x64.ActiveCfg = Release|Any CPU
		{59A8B71A-2DAF-490D-9A26-E02F768660DA}.Ad-Hoc|x64.Build.0 = Release|Any CPU
		{59A8B71A-2DAF-490D-9A26-E02F768660DA}.Ad-Hoc|x86.ActiveCfg = Release|Any CPU
		{59A8B71A-2DAF-490D-9A26-E02F768660DA}.Ad-Hoc|x86.Build.0 = Release|Any CPU
		{59A8B71A-2DAF-490D-9A26-E02F768660DA}.AppStore|Any CPU.ActiveCfg = Release|Any CPU
		{59A8B71A-2DAF-490D-9A26-E02F768660DA}.AppStore|Any CPU.Build.0 = Release|Any CPU
		{59A8B71A-2DAF-490D-9A26-E02F768660DA}.AppStore|ARM.ActiveCfg = Release|Any CPU
		{59A8B71A-2DAF-490D-9A26-E02F768660DA}.AppStore|ARM.Build.0 = Release|Any CPU
		{59A8B71A-2DAF-490D-9A26-E02F768660DA}.AppStore|iPhone.ActiveCfg = Release|Any CPU
		{59A8B71A-2DAF-490D-9A26-E02F768660DA}.AppStore|iPhone.Build.0 = Release|Any CPU
		{59A8B71A-2DAF-490D-9A26-E02F768660DA}.AppStore|iPhoneSimulator.ActiveCfg = Release|Any CPU
		{59A8B71A-2DAF-490D-9A26-E02F768660DA}.AppStore|iPhoneSimulator.Build.0 = Release|Any CPU
		{59A8B71A-2DAF-490D-9A26-E02F768660DA}.AppStore|x64.ActiveCfg = Release|Any CPU
		{59A8B71A-2DAF-490D-9A26-E02F768660DA}.AppStore|x64.Build.0 = Release|Any CPU
		{59A8B71A-2DAF-490D-9A26-E02F768660DA}.AppStore|x86.ActiveCfg = Release|Any CPU
		{59A8B71A-2DAF-490D-9A26-E02F768660DA}.AppStore|x86.Build.0 = Release|Any CPU
		{59A8B71A-2DAF-490D-9A26-E02F768660DA}.Debug|Any CPU.ActiveCfg = Debug|Any CPU
		{59A8B71A-2DAF-490D-9A26-E02F768660DA}.Debug|Any CPU.Build.0 = Debug|Any CPU
		{59A8B71A-2DAF-490D-9A26-E02F768660DA}.Debug|ARM.ActiveCfg = Debug|Any CPU
		{59A8B71A-2DAF-490D-9A26-E02F768660DA}.Debug|ARM.Build.0 = Debug|Any CPU
		{59A8B71A-2DAF-490D-9A26-E02F768660DA}.Debug|iPhone.ActiveCfg = Debug|Any CPU
		{59A8B71A-2DAF-490D-9A26-E02F768660DA}.Debug|iPhone.Build.0 = Debug|Any CPU
		{59A8B71A-2DAF-490D-9A26-E02F768660DA}.Debug|iPhoneSimulator.ActiveCfg = Debug|Any CPU
		{59A8B71A-2DAF-490D-9A26-E02F768660DA}.Debug|iPhoneSimulator.Build.0 = Debug|Any CPU
		{59A8B71A-2DAF-490D-9A26-E02F768660DA}.Debug|x64.ActiveCfg = Debug|Any CPU
		{59A8B71A-2DAF-490D-9A26-E02F768660DA}.Debug|x64.Build.0 = Debug|Any CPU
		{59A8B71A-2DAF-490D-9A26-E02F768660DA}.Debug|x86.ActiveCfg = Debug|Any CPU
		{59A8B71A-2DAF-490D-9A26-E02F768660DA}.Debug|x86.Build.0 = Debug|Any CPU
		{59A8B71A-2DAF-490D-9A26-E02F768660DA}.Release|Any CPU.ActiveCfg = Release|Any CPU
		{59A8B71A-2DAF-490D-9A26-E02F768660DA}.Release|Any CPU.Build.0 = Release|Any CPU
		{59A8B71A-2DAF-490D-9A26-E02F768660DA}.Release|ARM.ActiveCfg = Release|Any CPU
		{59A8B71A-2DAF-490D-9A26-E02F768660DA}.Release|ARM.Build.0 = Release|Any CPU
		{59A8B71A-2DAF-490D-9A26-E02F768660DA}.Release|iPhone.ActiveCfg = Release|Any CPU
		{59A8B71A-2DAF-490D-9A26-E02F768660DA}.Release|iPhone.Build.0 = Release|Any CPU
		{59A8B71A-2DAF-490D-9A26-E02F768660DA}.Release|iPhoneSimulator.ActiveCfg = Release|Any CPU
		{59A8B71A-2DAF-490D-9A26-E02F768660DA}.Release|iPhoneSimulator.Build.0 = Release|Any CPU
		{59A8B71A-2DAF-490D-9A26-E02F768660DA}.Release|x64.ActiveCfg = Release|Any CPU
		{59A8B71A-2DAF-490D-9A26-E02F768660DA}.Release|x64.Build.0 = Release|Any CPU
		{59A8B71A-2DAF-490D-9A26-E02F768660DA}.Release|x86.ActiveCfg = Release|Any CPU
		{59A8B71A-2DAF-490D-9A26-E02F768660DA}.Release|x86.Build.0 = Release|Any CPU
		{BFD5BD71-6F0C-49D6-A391-A121E5B19017}.Ad-Hoc|Any CPU.ActiveCfg = Release|Any CPU
		{BFD5BD71-6F0C-49D6-A391-A121E5B19017}.Ad-Hoc|Any CPU.Build.0 = Release|Any CPU
		{BFD5BD71-6F0C-49D6-A391-A121E5B19017}.Ad-Hoc|ARM.ActiveCfg = Release|Any CPU
		{BFD5BD71-6F0C-49D6-A391-A121E5B19017}.Ad-Hoc|ARM.Build.0 = Release|Any CPU
		{BFD5BD71-6F0C-49D6-A391-A121E5B19017}.Ad-Hoc|iPhone.ActiveCfg = Release|Any CPU
		{BFD5BD71-6F0C-49D6-A391-A121E5B19017}.Ad-Hoc|iPhone.Build.0 = Release|Any CPU
		{BFD5BD71-6F0C-49D6-A391-A121E5B19017}.Ad-Hoc|iPhoneSimulator.ActiveCfg = Release|Any CPU
		{BFD5BD71-6F0C-49D6-A391-A121E5B19017}.Ad-Hoc|iPhoneSimulator.Build.0 = Release|Any CPU
		{BFD5BD71-6F0C-49D6-A391-A121E5B19017}.Ad-Hoc|x64.ActiveCfg = Release|Any CPU
		{BFD5BD71-6F0C-49D6-A391-A121E5B19017}.Ad-Hoc|x64.Build.0 = Release|Any CPU
		{BFD5BD71-6F0C-49D6-A391-A121E5B19017}.Ad-Hoc|x86.ActiveCfg = Release|Any CPU
		{BFD5BD71-6F0C-49D6-A391-A121E5B19017}.Ad-Hoc|x86.Build.0 = Release|Any CPU
		{BFD5BD71-6F0C-49D6-A391-A121E5B19017}.AppStore|Any CPU.ActiveCfg = Release|Any CPU
		{BFD5BD71-6F0C-49D6-A391-A121E5B19017}.AppStore|Any CPU.Build.0 = Release|Any CPU
		{BFD5BD71-6F0C-49D6-A391-A121E5B19017}.AppStore|ARM.ActiveCfg = Release|Any CPU
		{BFD5BD71-6F0C-49D6-A391-A121E5B19017}.AppStore|ARM.Build.0 = Release|Any CPU
		{BFD5BD71-6F0C-49D6-A391-A121E5B19017}.AppStore|iPhone.ActiveCfg = Release|Any CPU
		{BFD5BD71-6F0C-49D6-A391-A121E5B19017}.AppStore|iPhone.Build.0 = Release|Any CPU
		{BFD5BD71-6F0C-49D6-A391-A121E5B19017}.AppStore|iPhoneSimulator.ActiveCfg = Release|Any CPU
		{BFD5BD71-6F0C-49D6-A391-A121E5B19017}.AppStore|iPhoneSimulator.Build.0 = Release|Any CPU
		{BFD5BD71-6F0C-49D6-A391-A121E5B19017}.AppStore|x64.ActiveCfg = Release|Any CPU
		{BFD5BD71-6F0C-49D6-A391-A121E5B19017}.AppStore|x64.Build.0 = Release|Any CPU
		{BFD5BD71-6F0C-49D6-A391-A121E5B19017}.AppStore|x86.ActiveCfg = Release|Any CPU
		{BFD5BD71-6F0C-49D6-A391-A121E5B19017}.AppStore|x86.Build.0 = Release|Any CPU
		{BFD5BD71-6F0C-49D6-A391-A121E5B19017}.Debug|Any CPU.ActiveCfg = Debug|Any CPU
		{BFD5BD71-6F0C-49D6-A391-A121E5B19017}.Debug|Any CPU.Build.0 = Debug|Any CPU
		{BFD5BD71-6F0C-49D6-A391-A121E5B19017}.Debug|ARM.ActiveCfg = Debug|Any CPU
		{BFD5BD71-6F0C-49D6-A391-A121E5B19017}.Debug|ARM.Build.0 = Debug|Any CPU
		{BFD5BD71-6F0C-49D6-A391-A121E5B19017}.Debug|iPhone.ActiveCfg = Debug|Any CPU
		{BFD5BD71-6F0C-49D6-A391-A121E5B19017}.Debug|iPhone.Build.0 = Debug|Any CPU
		{BFD5BD71-6F0C-49D6-A391-A121E5B19017}.Debug|iPhoneSimulator.ActiveCfg = Debug|Any CPU
		{BFD5BD71-6F0C-49D6-A391-A121E5B19017}.Debug|iPhoneSimulator.Build.0 = Debug|Any CPU
		{BFD5BD71-6F0C-49D6-A391-A121E5B19017}.Debug|x64.ActiveCfg = Debug|Any CPU
		{BFD5BD71-6F0C-49D6-A391-A121E5B19017}.Debug|x64.Build.0 = Debug|Any CPU
		{BFD5BD71-6F0C-49D6-A391-A121E5B19017}.Debug|x86.ActiveCfg = Debug|Any CPU
		{BFD5BD71-6F0C-49D6-A391-A121E5B19017}.Debug|x86.Build.0 = Debug|Any CPU
		{BFD5BD71-6F0C-49D6-A391-A121E5B19017}.Release|Any CPU.ActiveCfg = Release|Any CPU
		{BFD5BD71-6F0C-49D6-A391-A121E5B19017}.Release|Any CPU.Build.0 = Release|Any CPU
		{BFD5BD71-6F0C-49D6-A391-A121E5B19017}.Release|ARM.ActiveCfg = Release|Any CPU
		{BFD5BD71-6F0C-49D6-A391-A121E5B19017}.Release|ARM.Build.0 = Release|Any CPU
		{BFD5BD71-6F0C-49D6-A391-A121E5B19017}.Release|iPhone.ActiveCfg = Release|Any CPU
		{BFD5BD71-6F0C-49D6-A391-A121E5B19017}.Release|iPhone.Build.0 = Release|Any CPU
		{BFD5BD71-6F0C-49D6-A391-A121E5B19017}.Release|iPhoneSimulator.ActiveCfg = Release|Any CPU
		{BFD5BD71-6F0C-49D6-A391-A121E5B19017}.Release|iPhoneSimulator.Build.0 = Release|Any CPU
		{BFD5BD71-6F0C-49D6-A391-A121E5B19017}.Release|x64.ActiveCfg = Release|Any CPU
		{BFD5BD71-6F0C-49D6-A391-A121E5B19017}.Release|x64.Build.0 = Release|Any CPU
		{BFD5BD71-6F0C-49D6-A391-A121E5B19017}.Release|x86.ActiveCfg = Release|Any CPU
		{BFD5BD71-6F0C-49D6-A391-A121E5B19017}.Release|x86.Build.0 = Release|Any CPU
		{DA01507C-747D-4F5C-AAB8-1A668A12766C}.Ad-Hoc|Any CPU.ActiveCfg = Release|Any CPU
		{DA01507C-747D-4F5C-AAB8-1A668A12766C}.Ad-Hoc|Any CPU.Build.0 = Release|Any CPU
		{DA01507C-747D-4F5C-AAB8-1A668A12766C}.Ad-Hoc|Any CPU.Deploy.0 = Release|Any CPU
		{DA01507C-747D-4F5C-AAB8-1A668A12766C}.Ad-Hoc|ARM.ActiveCfg = Release|Any CPU
		{DA01507C-747D-4F5C-AAB8-1A668A12766C}.Ad-Hoc|ARM.Build.0 = Release|Any CPU
		{DA01507C-747D-4F5C-AAB8-1A668A12766C}.Ad-Hoc|ARM.Deploy.0 = Release|Any CPU
		{DA01507C-747D-4F5C-AAB8-1A668A12766C}.Ad-Hoc|iPhone.ActiveCfg = Release|Any CPU
		{DA01507C-747D-4F5C-AAB8-1A668A12766C}.Ad-Hoc|iPhone.Build.0 = Release|Any CPU
		{DA01507C-747D-4F5C-AAB8-1A668A12766C}.Ad-Hoc|iPhone.Deploy.0 = Release|Any CPU
		{DA01507C-747D-4F5C-AAB8-1A668A12766C}.Ad-Hoc|iPhoneSimulator.ActiveCfg = Release|Any CPU
		{DA01507C-747D-4F5C-AAB8-1A668A12766C}.Ad-Hoc|iPhoneSimulator.Build.0 = Release|Any CPU
		{DA01507C-747D-4F5C-AAB8-1A668A12766C}.Ad-Hoc|iPhoneSimulator.Deploy.0 = Release|Any CPU
		{DA01507C-747D-4F5C-AAB8-1A668A12766C}.Ad-Hoc|x64.ActiveCfg = Release|Any CPU
		{DA01507C-747D-4F5C-AAB8-1A668A12766C}.Ad-Hoc|x64.Build.0 = Release|Any CPU
		{DA01507C-747D-4F5C-AAB8-1A668A12766C}.Ad-Hoc|x64.Deploy.0 = Release|Any CPU
		{DA01507C-747D-4F5C-AAB8-1A668A12766C}.Ad-Hoc|x86.ActiveCfg = Release|Any CPU
		{DA01507C-747D-4F5C-AAB8-1A668A12766C}.Ad-Hoc|x86.Build.0 = Release|Any CPU
		{DA01507C-747D-4F5C-AAB8-1A668A12766C}.Ad-Hoc|x86.Deploy.0 = Release|Any CPU
		{DA01507C-747D-4F5C-AAB8-1A668A12766C}.AppStore|Any CPU.ActiveCfg = Release|Any CPU
		{DA01507C-747D-4F5C-AAB8-1A668A12766C}.AppStore|Any CPU.Build.0 = Release|Any CPU
		{DA01507C-747D-4F5C-AAB8-1A668A12766C}.AppStore|Any CPU.Deploy.0 = Release|Any CPU
		{DA01507C-747D-4F5C-AAB8-1A668A12766C}.AppStore|ARM.ActiveCfg = Release|Any CPU
		{DA01507C-747D-4F5C-AAB8-1A668A12766C}.AppStore|ARM.Build.0 = Release|Any CPU
		{DA01507C-747D-4F5C-AAB8-1A668A12766C}.AppStore|ARM.Deploy.0 = Release|Any CPU
		{DA01507C-747D-4F5C-AAB8-1A668A12766C}.AppStore|iPhone.ActiveCfg = Release|Any CPU
		{DA01507C-747D-4F5C-AAB8-1A668A12766C}.AppStore|iPhone.Build.0 = Release|Any CPU
		{DA01507C-747D-4F5C-AAB8-1A668A12766C}.AppStore|iPhone.Deploy.0 = Release|Any CPU
		{DA01507C-747D-4F5C-AAB8-1A668A12766C}.AppStore|iPhoneSimulator.ActiveCfg = Release|Any CPU
		{DA01507C-747D-4F5C-AAB8-1A668A12766C}.AppStore|iPhoneSimulator.Build.0 = Release|Any CPU
		{DA01507C-747D-4F5C-AAB8-1A668A12766C}.AppStore|iPhoneSimulator.Deploy.0 = Release|Any CPU
		{DA01507C-747D-4F5C-AAB8-1A668A12766C}.AppStore|x64.ActiveCfg = Release|Any CPU
		{DA01507C-747D-4F5C-AAB8-1A668A12766C}.AppStore|x64.Build.0 = Release|Any CPU
		{DA01507C-747D-4F5C-AAB8-1A668A12766C}.AppStore|x64.Deploy.0 = Release|Any CPU
		{DA01507C-747D-4F5C-AAB8-1A668A12766C}.AppStore|x86.ActiveCfg = Release|Any CPU
		{DA01507C-747D-4F5C-AAB8-1A668A12766C}.AppStore|x86.Build.0 = Release|Any CPU
		{DA01507C-747D-4F5C-AAB8-1A668A12766C}.AppStore|x86.Deploy.0 = Release|Any CPU
		{DA01507C-747D-4F5C-AAB8-1A668A12766C}.Debug|Any CPU.ActiveCfg = Debug|Any CPU
		{DA01507C-747D-4F5C-AAB8-1A668A12766C}.Debug|Any CPU.Build.0 = Debug|Any CPU
		{DA01507C-747D-4F5C-AAB8-1A668A12766C}.Debug|Any CPU.Deploy.0 = Debug|Any CPU
		{DA01507C-747D-4F5C-AAB8-1A668A12766C}.Debug|ARM.ActiveCfg = Debug|Any CPU
		{DA01507C-747D-4F5C-AAB8-1A668A12766C}.Debug|ARM.Build.0 = Debug|Any CPU
		{DA01507C-747D-4F5C-AAB8-1A668A12766C}.Debug|ARM.Deploy.0 = Debug|Any CPU
		{DA01507C-747D-4F5C-AAB8-1A668A12766C}.Debug|iPhone.ActiveCfg = Debug|Any CPU
		{DA01507C-747D-4F5C-AAB8-1A668A12766C}.Debug|iPhone.Build.0 = Debug|Any CPU
		{DA01507C-747D-4F5C-AAB8-1A668A12766C}.Debug|iPhone.Deploy.0 = Debug|Any CPU
		{DA01507C-747D-4F5C-AAB8-1A668A12766C}.Debug|iPhoneSimulator.ActiveCfg = Debug|Any CPU
		{DA01507C-747D-4F5C-AAB8-1A668A12766C}.Debug|iPhoneSimulator.Build.0 = Debug|Any CPU
		{DA01507C-747D-4F5C-AAB8-1A668A12766C}.Debug|iPhoneSimulator.Deploy.0 = Debug|Any CPU
		{DA01507C-747D-4F5C-AAB8-1A668A12766C}.Debug|x64.ActiveCfg = Debug|Any CPU
		{DA01507C-747D-4F5C-AAB8-1A668A12766C}.Debug|x64.Build.0 = Debug|Any CPU
		{DA01507C-747D-4F5C-AAB8-1A668A12766C}.Debug|x64.Deploy.0 = Debug|Any CPU
		{DA01507C-747D-4F5C-AAB8-1A668A12766C}.Debug|x86.ActiveCfg = Debug|Any CPU
		{DA01507C-747D-4F5C-AAB8-1A668A12766C}.Debug|x86.Build.0 = Debug|Any CPU
		{DA01507C-747D-4F5C-AAB8-1A668A12766C}.Debug|x86.Deploy.0 = Debug|Any CPU
		{DA01507C-747D-4F5C-AAB8-1A668A12766C}.Release|Any CPU.ActiveCfg = Release|Any CPU
		{DA01507C-747D-4F5C-AAB8-1A668A12766C}.Release|Any CPU.Build.0 = Release|Any CPU
		{DA01507C-747D-4F5C-AAB8-1A668A12766C}.Release|Any CPU.Deploy.0 = Release|Any CPU
		{DA01507C-747D-4F5C-AAB8-1A668A12766C}.Release|ARM.ActiveCfg = Release|Any CPU
		{DA01507C-747D-4F5C-AAB8-1A668A12766C}.Release|ARM.Build.0 = Release|Any CPU
		{DA01507C-747D-4F5C-AAB8-1A668A12766C}.Release|ARM.Deploy.0 = Release|Any CPU
		{DA01507C-747D-4F5C-AAB8-1A668A12766C}.Release|iPhone.ActiveCfg = Release|Any CPU
		{DA01507C-747D-4F5C-AAB8-1A668A12766C}.Release|iPhone.Build.0 = Release|Any CPU
		{DA01507C-747D-4F5C-AAB8-1A668A12766C}.Release|iPhone.Deploy.0 = Release|Any CPU
		{DA01507C-747D-4F5C-AAB8-1A668A12766C}.Release|iPhoneSimulator.ActiveCfg = Release|Any CPU
		{DA01507C-747D-4F5C-AAB8-1A668A12766C}.Release|iPhoneSimulator.Build.0 = Release|Any CPU
		{DA01507C-747D-4F5C-AAB8-1A668A12766C}.Release|iPhoneSimulator.Deploy.0 = Release|Any CPU
		{DA01507C-747D-4F5C-AAB8-1A668A12766C}.Release|x64.ActiveCfg = Release|Any CPU
		{DA01507C-747D-4F5C-AAB8-1A668A12766C}.Release|x64.Build.0 = Release|Any CPU
		{DA01507C-747D-4F5C-AAB8-1A668A12766C}.Release|x64.Deploy.0 = Release|Any CPU
		{DA01507C-747D-4F5C-AAB8-1A668A12766C}.Release|x86.ActiveCfg = Release|Any CPU
		{DA01507C-747D-4F5C-AAB8-1A668A12766C}.Release|x86.Build.0 = Release|Any CPU
		{DA01507C-747D-4F5C-AAB8-1A668A12766C}.Release|x86.Deploy.0 = Release|Any CPU
		{BE2CFA70-1C25-4B12-A740-D7D58375877E}.Ad-Hoc|Any CPU.ActiveCfg = Ad-Hoc|iPhone
		{BE2CFA70-1C25-4B12-A740-D7D58375877E}.Ad-Hoc|ARM.ActiveCfg = Ad-Hoc|iPhone
		{BE2CFA70-1C25-4B12-A740-D7D58375877E}.Ad-Hoc|iPhone.ActiveCfg = Ad-Hoc|iPhone
		{BE2CFA70-1C25-4B12-A740-D7D58375877E}.Ad-Hoc|iPhone.Build.0 = Ad-Hoc|iPhone
		{BE2CFA70-1C25-4B12-A740-D7D58375877E}.Ad-Hoc|iPhoneSimulator.ActiveCfg = Ad-Hoc|iPhoneSimulator
		{BE2CFA70-1C25-4B12-A740-D7D58375877E}.Ad-Hoc|iPhoneSimulator.Build.0 = Ad-Hoc|iPhoneSimulator
		{BE2CFA70-1C25-4B12-A740-D7D58375877E}.Ad-Hoc|x64.ActiveCfg = Ad-Hoc|iPhone
		{BE2CFA70-1C25-4B12-A740-D7D58375877E}.Ad-Hoc|x86.ActiveCfg = Ad-Hoc|iPhone
		{BE2CFA70-1C25-4B12-A740-D7D58375877E}.AppStore|Any CPU.ActiveCfg = AppStore|iPhone
		{BE2CFA70-1C25-4B12-A740-D7D58375877E}.AppStore|ARM.ActiveCfg = AppStore|iPhone
		{BE2CFA70-1C25-4B12-A740-D7D58375877E}.AppStore|iPhone.ActiveCfg = AppStore|iPhone
		{BE2CFA70-1C25-4B12-A740-D7D58375877E}.AppStore|iPhone.Build.0 = AppStore|iPhone
		{BE2CFA70-1C25-4B12-A740-D7D58375877E}.AppStore|iPhoneSimulator.ActiveCfg = AppStore|iPhoneSimulator
		{BE2CFA70-1C25-4B12-A740-D7D58375877E}.AppStore|iPhoneSimulator.Build.0 = AppStore|iPhoneSimulator
		{BE2CFA70-1C25-4B12-A740-D7D58375877E}.AppStore|x64.ActiveCfg = AppStore|iPhone
		{BE2CFA70-1C25-4B12-A740-D7D58375877E}.AppStore|x86.ActiveCfg = AppStore|iPhone
		{BE2CFA70-1C25-4B12-A740-D7D58375877E}.Debug|Any CPU.ActiveCfg = Debug|iPhone
		{BE2CFA70-1C25-4B12-A740-D7D58375877E}.Debug|ARM.ActiveCfg = Debug|iPhone
		{BE2CFA70-1C25-4B12-A740-D7D58375877E}.Debug|iPhone.ActiveCfg = Debug|iPhone
		{BE2CFA70-1C25-4B12-A740-D7D58375877E}.Debug|iPhone.Build.0 = Debug|iPhone
		{BE2CFA70-1C25-4B12-A740-D7D58375877E}.Debug|iPhoneSimulator.ActiveCfg = Debug|iPhoneSimulator
		{BE2CFA70-1C25-4B12-A740-D7D58375877E}.Debug|iPhoneSimulator.Build.0 = Debug|iPhoneSimulator
		{BE2CFA70-1C25-4B12-A740-D7D58375877E}.Debug|x64.ActiveCfg = Debug|iPhone
		{BE2CFA70-1C25-4B12-A740-D7D58375877E}.Debug|x86.ActiveCfg = Debug|iPhone
		{BE2CFA70-1C25-4B12-A740-D7D58375877E}.Release|Any CPU.ActiveCfg = Release|iPhone
		{BE2CFA70-1C25-4B12-A740-D7D58375877E}.Release|ARM.ActiveCfg = Release|iPhone
		{BE2CFA70-1C25-4B12-A740-D7D58375877E}.Release|iPhone.ActiveCfg = Release|iPhone
		{BE2CFA70-1C25-4B12-A740-D7D58375877E}.Release|iPhone.Build.0 = Release|iPhone
		{BE2CFA70-1C25-4B12-A740-D7D58375877E}.Release|iPhoneSimulator.ActiveCfg = Release|iPhoneSimulator
		{BE2CFA70-1C25-4B12-A740-D7D58375877E}.Release|iPhoneSimulator.Build.0 = Release|iPhoneSimulator
		{BE2CFA70-1C25-4B12-A740-D7D58375877E}.Release|x64.ActiveCfg = Release|iPhone
		{BE2CFA70-1C25-4B12-A740-D7D58375877E}.Release|x86.ActiveCfg = Release|iPhone
		{ACEAE301-4289-40F7-B222-8FFFB33CD448}.Ad-Hoc|Any CPU.ActiveCfg = Release|x86
		{ACEAE301-4289-40F7-B222-8FFFB33CD448}.Ad-Hoc|Any CPU.Build.0 = Release|x86
		{ACEAE301-4289-40F7-B222-8FFFB33CD448}.Ad-Hoc|Any CPU.Deploy.0 = Release|x86
		{ACEAE301-4289-40F7-B222-8FFFB33CD448}.Ad-Hoc|ARM.ActiveCfg = Release|ARM
		{ACEAE301-4289-40F7-B222-8FFFB33CD448}.Ad-Hoc|ARM.Build.0 = Release|ARM
		{ACEAE301-4289-40F7-B222-8FFFB33CD448}.Ad-Hoc|ARM.Deploy.0 = Release|ARM
		{ACEAE301-4289-40F7-B222-8FFFB33CD448}.Ad-Hoc|iPhone.ActiveCfg = Release|x86
		{ACEAE301-4289-40F7-B222-8FFFB33CD448}.Ad-Hoc|iPhone.Build.0 = Release|x86
		{ACEAE301-4289-40F7-B222-8FFFB33CD448}.Ad-Hoc|iPhone.Deploy.0 = Release|x86
		{ACEAE301-4289-40F7-B222-8FFFB33CD448}.Ad-Hoc|iPhoneSimulator.ActiveCfg = Release|x86
		{ACEAE301-4289-40F7-B222-8FFFB33CD448}.Ad-Hoc|iPhoneSimulator.Build.0 = Release|x86
		{ACEAE301-4289-40F7-B222-8FFFB33CD448}.Ad-Hoc|iPhoneSimulator.Deploy.0 = Release|x86
		{ACEAE301-4289-40F7-B222-8FFFB33CD448}.Ad-Hoc|x64.ActiveCfg = Release|x64
		{ACEAE301-4289-40F7-B222-8FFFB33CD448}.Ad-Hoc|x64.Build.0 = Release|x64
		{ACEAE301-4289-40F7-B222-8FFFB33CD448}.Ad-Hoc|x64.Deploy.0 = Release|x64
		{ACEAE301-4289-40F7-B222-8FFFB33CD448}.Ad-Hoc|x86.ActiveCfg = Release|x86
		{ACEAE301-4289-40F7-B222-8FFFB33CD448}.Ad-Hoc|x86.Build.0 = Release|x86
		{ACEAE301-4289-40F7-B222-8FFFB33CD448}.Ad-Hoc|x86.Deploy.0 = Release|x86
		{ACEAE301-4289-40F7-B222-8FFFB33CD448}.AppStore|Any CPU.ActiveCfg = Release|x86
		{ACEAE301-4289-40F7-B222-8FFFB33CD448}.AppStore|Any CPU.Build.0 = Release|x86
		{ACEAE301-4289-40F7-B222-8FFFB33CD448}.AppStore|Any CPU.Deploy.0 = Release|x86
		{ACEAE301-4289-40F7-B222-8FFFB33CD448}.AppStore|ARM.ActiveCfg = Release|ARM
		{ACEAE301-4289-40F7-B222-8FFFB33CD448}.AppStore|ARM.Build.0 = Release|ARM
		{ACEAE301-4289-40F7-B222-8FFFB33CD448}.AppStore|ARM.Deploy.0 = Release|ARM
		{ACEAE301-4289-40F7-B222-8FFFB33CD448}.AppStore|iPhone.ActiveCfg = Release|x86
		{ACEAE301-4289-40F7-B222-8FFFB33CD448}.AppStore|iPhone.Build.0 = Release|x86
		{ACEAE301-4289-40F7-B222-8FFFB33CD448}.AppStore|iPhone.Deploy.0 = Release|x86
		{ACEAE301-4289-40F7-B222-8FFFB33CD448}.AppStore|iPhoneSimulator.ActiveCfg = Release|x86
		{ACEAE301-4289-40F7-B222-8FFFB33CD448}.AppStore|iPhoneSimulator.Build.0 = Release|x86
		{ACEAE301-4289-40F7-B222-8FFFB33CD448}.AppStore|iPhoneSimulator.Deploy.0 = Release|x86
		{ACEAE301-4289-40F7-B222-8FFFB33CD448}.AppStore|x64.ActiveCfg = Release|x64
		{ACEAE301-4289-40F7-B222-8FFFB33CD448}.AppStore|x64.Build.0 = Release|x64
		{ACEAE301-4289-40F7-B222-8FFFB33CD448}.AppStore|x64.Deploy.0 = Release|x64
		{ACEAE301-4289-40F7-B222-8FFFB33CD448}.AppStore|x86.ActiveCfg = Release|x86
		{ACEAE301-4289-40F7-B222-8FFFB33CD448}.AppStore|x86.Build.0 = Release|x86
		{ACEAE301-4289-40F7-B222-8FFFB33CD448}.AppStore|x86.Deploy.0 = Release|x86
		{ACEAE301-4289-40F7-B222-8FFFB33CD448}.Debug|Any CPU.ActiveCfg = Debug|x86
		{ACEAE301-4289-40F7-B222-8FFFB33CD448}.Debug|ARM.ActiveCfg = Debug|ARM
		{ACEAE301-4289-40F7-B222-8FFFB33CD448}.Debug|ARM.Build.0 = Debug|ARM
		{ACEAE301-4289-40F7-B222-8FFFB33CD448}.Debug|ARM.Deploy.0 = Debug|ARM
		{ACEAE301-4289-40F7-B222-8FFFB33CD448}.Debug|iPhone.ActiveCfg = Debug|x86
		{ACEAE301-4289-40F7-B222-8FFFB33CD448}.Debug|iPhoneSimulator.ActiveCfg = Debug|x86
		{ACEAE301-4289-40F7-B222-8FFFB33CD448}.Debug|x64.ActiveCfg = Debug|x64
		{ACEAE301-4289-40F7-B222-8FFFB33CD448}.Debug|x64.Build.0 = Debug|x64
		{ACEAE301-4289-40F7-B222-8FFFB33CD448}.Debug|x64.Deploy.0 = Debug|x64
		{ACEAE301-4289-40F7-B222-8FFFB33CD448}.Debug|x86.ActiveCfg = Debug|x86
		{ACEAE301-4289-40F7-B222-8FFFB33CD448}.Debug|x86.Build.0 = Debug|x86
		{ACEAE301-4289-40F7-B222-8FFFB33CD448}.Debug|x86.Deploy.0 = Debug|x86
		{ACEAE301-4289-40F7-B222-8FFFB33CD448}.Release|Any CPU.ActiveCfg = Release|x86
		{ACEAE301-4289-40F7-B222-8FFFB33CD448}.Release|ARM.ActiveCfg = Release|ARM
		{ACEAE301-4289-40F7-B222-8FFFB33CD448}.Release|ARM.Build.0 = Release|ARM
		{ACEAE301-4289-40F7-B222-8FFFB33CD448}.Release|ARM.Deploy.0 = Release|ARM
		{ACEAE301-4289-40F7-B222-8FFFB33CD448}.Release|iPhone.ActiveCfg = Release|x86
		{ACEAE301-4289-40F7-B222-8FFFB33CD448}.Release|iPhoneSimulator.ActiveCfg = Release|x86
		{ACEAE301-4289-40F7-B222-8FFFB33CD448}.Release|x64.ActiveCfg = Release|x64
		{ACEAE301-4289-40F7-B222-8FFFB33CD448}.Release|x64.Build.0 = Release|x64
		{ACEAE301-4289-40F7-B222-8FFFB33CD448}.Release|x64.Deploy.0 = Release|x64
		{ACEAE301-4289-40F7-B222-8FFFB33CD448}.Release|x86.ActiveCfg = Release|x86
		{ACEAE301-4289-40F7-B222-8FFFB33CD448}.Release|x86.Build.0 = Release|x86
		{ACEAE301-4289-40F7-B222-8FFFB33CD448}.Release|x86.Deploy.0 = Release|x86
	EndGlobalSection
	GlobalSection(SolutionProperties) = preSolution
		HideSolutionNode = FALSE
	EndGlobalSection
	GlobalSection(NestedProjects) = preSolution
		{0C0EA1A4-EF82-4712-A704-877F49845A9A} = {76627DDD-388C-401A-BC57-BC90B46C4DAC}
		{0F2A2107-3776-44C8-A6E2-30783CBECA3E} = {76627DDD-388C-401A-BC57-BC90B46C4DAC}
		{4CDD732F-A434-4F07-983A-69C5AA4635AB} = {76627DDD-388C-401A-BC57-BC90B46C4DAC}
		{59A8B71A-2DAF-490D-9A26-E02F768660DA} = {4CDD732F-A434-4F07-983A-69C5AA4635AB}
		{BFD5BD71-6F0C-49D6-A391-A121E5B19017} = {4CDD732F-A434-4F07-983A-69C5AA4635AB}
		{84FC4E5E-A029-44F8-9AEA-7BC098D02A6B} = {16DEE695-220B-46EA-92ED-5F77609B24A3}
		{DA01507C-747D-4F5C-AAB8-1A668A12766C} = {16DEE695-220B-46EA-92ED-5F77609B24A3}
		{BE2CFA70-1C25-4B12-A740-D7D58375877E} = {16DEE695-220B-46EA-92ED-5F77609B24A3}
		{ACEAE301-4289-40F7-B222-8FFFB33CD448} = {16DEE695-220B-46EA-92ED-5F77609B24A3}
	EndGlobalSection
	GlobalSection(ExtensibilityGlobals) = postSolution
		SolutionGuid = {4C8DD417-739B-4AC8-B16C-B74756969401}
	EndGlobalSection
EndGlobal
